// !$*UTF8*$!
{
	archiveVersion = 1;
	classes = {
	};
	objectVersion = 46;
	objects = {

/* Begin PBXBuildFile section */
		8E3DE53C1AEF557100E6E53C /* main.m in Sources */ = {isa = PBXBuildFile; fileRef = 8E3DE53B1AEF557100E6E53C /* main.m */; };
		8E3DE53F1AEF557100E6E53C /* AppDelegate.m in Sources */ = {isa = PBXBuildFile; fileRef = 8E3DE53E1AEF557100E6E53C /* AppDelegate.m */; };
		8E3DE5451AEF557100E6E53C /* Main.storyboard in Resources */ = {isa = PBXBuildFile; fileRef = 8E3DE5431AEF557100E6E53C /* Main.storyboard */; };
		8E3DE5471AEF557100E6E53C /* Images.xcassets in Resources */ = {isa = PBXBuildFile; fileRef = 8E3DE5461AEF557100E6E53C /* Images.xcassets */; };
		8E3DE54A1AEF557100E6E53C /* LaunchScreen.xib in Resources */ = {isa = PBXBuildFile; fileRef = 8E3DE5481AEF557100E6E53C /* LaunchScreen.xib */; };
		8E3DE5561AEF557100E6E53C /* AutolayoutInterviewTests.m in Sources */ = {isa = PBXBuildFile; fileRef = 8E3DE5551AEF557100E6E53C /* AutolayoutInterviewTests.m */; };
		8E3DE5611AEF6EE900E6E53C /* ITVTableViewController.m in Sources */ = {isa = PBXBuildFile; fileRef = 8E3DE5601AEF6EE900E6E53C /* ITVTableViewController.m */; };
		8E3DE5641AEF73E500E6E53C /* ITVCell.m in Sources */ = {isa = PBXBuildFile; fileRef = 8E3DE5631AEF73E500E6E53C /* ITVCell.m */; };
		DFCE1854879134B77231E19F /* libPods-AutolayoutInterview.a in Frameworks */ = {isa = PBXBuildFile; fileRef = ACC140B4E9A0A92A8AEDA607 /* libPods-AutolayoutInterview.a */; };
/* End PBXBuildFile section */

/* Begin PBXContainerItemProxy section */
		8E3DE5501AEF557100E6E53C /* PBXContainerItemProxy */ = {
			isa = PBXContainerItemProxy;
			containerPortal = 8E3DE52E1AEF557100E6E53C /* Project object */;
			proxyType = 1;
			remoteGlobalIDString = 8E3DE5351AEF557100E6E53C;
			remoteInfo = AutolayoutInterview;
		};
/* End PBXContainerItemProxy section */

/* Begin PBXFileReference section */
		8E3DE5361AEF557100E6E53C /* AutolayoutInterview.app */ = {isa = PBXFileReference; explicitFileType = wrapper.application; includeInIndex = 0; path = AutolayoutInterview.app; sourceTree = BUILT_PRODUCTS_DIR; };
		8E3DE53A1AEF557100E6E53C /* Info.plist */ = {isa = PBXFileReference; lastKnownFileType = text.plist.xml; path = Info.plist; sourceTree = "<group>"; };
		8E3DE53B1AEF557100E6E53C /* main.m */ = {isa = PBXFileReference; lastKnownFileType = sourcecode.c.objc; path = main.m; sourceTree = "<group>"; };
		8E3DE53D1AEF557100E6E53C /* AppDelegate.h */ = {isa = PBXFileReference; lastKnownFileType = sourcecode.c.h; path = AppDelegate.h; sourceTree = "<group>"; };
		8E3DE53E1AEF557100E6E53C /* AppDelegate.m */ = {isa = PBXFileReference; lastKnownFileType = sourcecode.c.objc; path = AppDelegate.m; sourceTree = "<group>"; };
		8E3DE5441AEF557100E6E53C /* Base */ = {isa = PBXFileReference; lastKnownFileType = file.storyboard; name = Base; path = Base.lproj/Main.storyboard; sourceTree = "<group>"; };
		8E3DE5461AEF557100E6E53C /* Images.xcassets */ = {isa = PBXFileReference; lastKnownFileType = folder.assetcatalog; path = Images.xcassets; sourceTree = "<group>"; };
		8E3DE5491AEF557100E6E53C /* Base */ = {isa = PBXFileReference; lastKnownFileType = file.xib; name = Base; path = Base.lproj/LaunchScreen.xib; sourceTree = "<group>"; };
		8E3DE54F1AEF557100E6E53C /* AutolayoutInterviewTests.xctest */ = {isa = PBXFileReference; explicitFileType = wrapper.cfbundle; includeInIndex = 0; path = AutolayoutInterviewTests.xctest; sourceTree = BUILT_PRODUCTS_DIR; };
		8E3DE5541AEF557100E6E53C /* Info.plist */ = {isa = PBXFileReference; lastKnownFileType = text.plist.xml; path = Info.plist; sourceTree = "<group>"; };
		8E3DE5551AEF557100E6E53C /* AutolayoutInterviewTests.m */ = {isa = PBXFileReference; lastKnownFileType = sourcecode.c.objc; path = AutolayoutInterviewTests.m; sourceTree = "<group>"; };
		8E3DE55F1AEF6EE900E6E53C /* ITVTableViewController.h */ = {isa = PBXFileReference; fileEncoding = 4; lastKnownFileType = sourcecode.c.h; path = ITVTableViewController.h; sourceTree = "<group>"; };
		8E3DE5601AEF6EE900E6E53C /* ITVTableViewController.m */ = {isa = PBXFileReference; fileEncoding = 4; lastKnownFileType = sourcecode.c.objc; path = ITVTableViewController.m; sourceTree = "<group>"; };
		8E3DE5621AEF73E500E6E53C /* ITVCell.h */ = {isa = PBXFileReference; fileEncoding = 4; lastKnownFileType = sourcecode.c.h; path = ITVCell.h; sourceTree = "<group>"; };
		8E3DE5631AEF73E500E6E53C /* ITVCell.m */ = {isa = PBXFileReference; fileEncoding = 4; lastKnownFileType = sourcecode.c.objc; path = ITVCell.m; sourceTree = "<group>"; };
		ACC140B4E9A0A92A8AEDA607 /* libPods-AutolayoutInterview.a */ = {isa = PBXFileReference; explicitFileType = archive.ar; includeInIndex = 0; path = "libPods-AutolayoutInterview.a"; sourceTree = BUILT_PRODUCTS_DIR; };
		AD708B29D93C69F089E760BA /* Pods-AutolayoutInterview.debug.xcconfig */ = {isa = PBXFileReference; includeInIndex = 1; lastKnownFileType = text.xcconfig; name = "Pods-AutolayoutInterview.debug.xcconfig"; path = "Pods/Target Support Files/Pods-AutolayoutInterview/Pods-AutolayoutInterview.debug.xcconfig"; sourceTree = "<group>"; };
		E731FBDCB7725E4EBAE05A10 /* Pods-AutolayoutInterview.release.xcconfig */ = {isa = PBXFileReference; includeInIndex = 1; lastKnownFileType = text.xcconfig; name = "Pods-AutolayoutInterview.release.xcconfig"; path = "Pods/Target Support Files/Pods-AutolayoutInterview/Pods-AutolayoutInterview.release.xcconfig"; sourceTree = "<group>"; };
/* End PBXFileReference section */

/* Begin PBXFrameworksBuildPhase section */
		8E3DE5331AEF557100E6E53C /* Frameworks */ = {
			isa = PBXFrameworksBuildPhase;
			buildActionMask = 2147483647;
			files = (
				DFCE1854879134B77231E19F /* libPods-AutolayoutInterview.a in Frameworks */,
			);
			runOnlyForDeploymentPostprocessing = 0;
		};
		8E3DE54C1AEF557100E6E53C /* Frameworks */ = {
			isa = PBXFrameworksBuildPhase;
			buildActionMask = 2147483647;
			files = (
			);
			runOnlyForDeploymentPostprocessing = 0;
		};
/* End PBXFrameworksBuildPhase section */

/* Begin PBXGroup section */
		21E0B324117C9216A66B79B4 /* Pods */ = {
			isa = PBXGroup;
			children = (
				AD708B29D93C69F089E760BA /* Pods-AutolayoutInterview.debug.xcconfig */,
				E731FBDCB7725E4EBAE05A10 /* Pods-AutolayoutInterview.release.xcconfig */,
			);
			name = Pods;
			sourceTree = "<group>";
		};
		8E3DE52D1AEF557100E6E53C = {
			isa = PBXGroup;
			children = (
				8E3DE5381AEF557100E6E53C /* AutolayoutInterview */,
				8E3DE5521AEF557100E6E53C /* AutolayoutInterviewTests */,
				8E3DE5371AEF557100E6E53C /* Products */,
				21E0B324117C9216A66B79B4 /* Pods */,
				D1F339E2C2DED8AD1E6BA227 /* Frameworks */,
			);
			sourceTree = "<group>";
		};
		8E3DE5371AEF557100E6E53C /* Products */ = {
			isa = PBXGroup;
			children = (
				8E3DE5361AEF557100E6E53C /* AutolayoutInterview.app */,
				8E3DE54F1AEF557100E6E53C /* AutolayoutInterviewTests.xctest */,
			);
			name = Products;
			sourceTree = "<group>";
		};
		8E3DE5381AEF557100E6E53C /* AutolayoutInterview */ = {
			isa = PBXGroup;
			children = (
				8E3DE53D1AEF557100E6E53C /* AppDelegate.h */,
				8E3DE53E1AEF557100E6E53C /* AppDelegate.m */,
				8E3DE55F1AEF6EE900E6E53C /* ITVTableViewController.h */,
				8E3DE5601AEF6EE900E6E53C /* ITVTableViewController.m */,
				8E3DE5621AEF73E500E6E53C /* ITVCell.h */,
				8E3DE5631AEF73E500E6E53C /* ITVCell.m */,
				8E3DE5431AEF557100E6E53C /* Main.storyboard */,
				8E3DE5461AEF557100E6E53C /* Images.xcassets */,
				8E3DE5481AEF557100E6E53C /* LaunchScreen.xib */,
				8E3DE5391AEF557100E6E53C /* Supporting Files */,
			);
			path = AutolayoutInterview;
			sourceTree = "<group>";
		};
		8E3DE5391AEF557100E6E53C /* Supporting Files */ = {
			isa = PBXGroup;
			children = (
				8E3DE53A1AEF557100E6E53C /* Info.plist */,
				8E3DE53B1AEF557100E6E53C /* main.m */,
			);
			name = "Supporting Files";
			sourceTree = "<group>";
		};
		8E3DE5521AEF557100E6E53C /* AutolayoutInterviewTests */ = {
			isa = PBXGroup;
			children = (
				8E3DE5551AEF557100E6E53C /* AutolayoutInterviewTests.m */,
				8E3DE5531AEF557100E6E53C /* Supporting Files */,
			);
			path = AutolayoutInterviewTests;
			sourceTree = "<group>";
		};
		8E3DE5531AEF557100E6E53C /* Supporting Files */ = {
			isa = PBXGroup;
			children = (
				8E3DE5541AEF557100E6E53C /* Info.plist */,
			);
			name = "Supporting Files";
			sourceTree = "<group>";
		};
		D1F339E2C2DED8AD1E6BA227 /* Frameworks */ = {
			isa = PBXGroup;
			children = (
				ACC140B4E9A0A92A8AEDA607 /* libPods-AutolayoutInterview.a */,
			);
			name = Frameworks;
			sourceTree = "<group>";
		};
/* End PBXGroup section */

/* Begin PBXNativeTarget section */
		8E3DE5351AEF557100E6E53C /* AutolayoutInterview */ = {
			isa = PBXNativeTarget;
			buildConfigurationList = 8E3DE5591AEF557100E6E53C /* Build configuration list for PBXNativeTarget "AutolayoutInterview" */;
			buildPhases = (
				23F9203493166B4ECFE1092B /* Check Pods Manifest.lock */,
				8E3DE5321AEF557100E6E53C /* Sources */,
				8E3DE5331AEF557100E6E53C /* Frameworks */,
				8E3DE5341AEF557100E6E53C /* Resources */,
				E462D24837C76BEF5C2437B0 /* Copy Pods Resources */,
			);
			buildRules = (
			);
			dependencies = (
			);
			name = AutolayoutInterview;
			productName = AutolayoutInterview;
			productReference = 8E3DE5361AEF557100E6E53C /* AutolayoutInterview.app */;
			productType = "com.apple.product-type.application";
		};
		8E3DE54E1AEF557100E6E53C /* AutolayoutInterviewTests */ = {
			isa = PBXNativeTarget;
			buildConfigurationList = 8E3DE55C1AEF557100E6E53C /* Build configuration list for PBXNativeTarget "AutolayoutInterviewTests" */;
			buildPhases = (
				8E3DE54B1AEF557100E6E53C /* Sources */,
				8E3DE54C1AEF557100E6E53C /* Frameworks */,
				8E3DE54D1AEF557100E6E53C /* Resources */,
			);
			buildRules = (
			);
			dependencies = (
				8E3DE5511AEF557100E6E53C /* PBXTargetDependency */,
			);
			name = AutolayoutInterviewTests;
			productName = AutolayoutInterviewTests;
			productReference = 8E3DE54F1AEF557100E6E53C /* AutolayoutInterviewTests.xctest */;
			productType = "com.apple.product-type.bundle.unit-test";
		};
/* End PBXNativeTarget section */

/* Begin PBXProject section */
		8E3DE52E1AEF557100E6E53C /* Project object */ = {
			isa = PBXProject;
			attributes = {
				LastUpgradeCheck = 0630;
				ORGANIZATIONNAME = Strikingly;
				TargetAttributes = {
					8E3DE5351AEF557100E6E53C = {
						CreatedOnToolsVersion = 6.3.1;
					};
					8E3DE54E1AEF557100E6E53C = {
						CreatedOnToolsVersion = 6.3.1;
						TestTargetID = 8E3DE5351AEF557100E6E53C;
					};
				};
			};
			buildConfigurationList = 8E3DE5311AEF557100E6E53C /* Build configuration list for PBXProject "AutolayoutInterview" */;
			compatibilityVersion = "Xcode 3.2";
			developmentRegion = English;
			hasScannedForEncodings = 0;
			knownRegions = (
				en,
				Base,
			);
			mainGroup = 8E3DE52D1AEF557100E6E53C;
			productRefGroup = 8E3DE5371AEF557100E6E53C /* Products */;
			projectDirPath = "";
			projectRoot = "";
			targets = (
				8E3DE5351AEF557100E6E53C /* AutolayoutInterview */,
				8E3DE54E1AEF557100E6E53C /* AutolayoutInterviewTests */,
			);
		};
/* End PBXProject section */

/* Begin PBXResourcesBuildPhase section */
		8E3DE5341AEF557100E6E53C /* Resources */ = {
			isa = PBXResourcesBuildPhase;
			buildActionMask = 2147483647;
			files = (
				8E3DE5451AEF557100E6E53C /* Main.storyboard in Resources */,
				8E3DE54A1AEF557100E6E53C /* LaunchScreen.xib in Resources */,
				8E3DE5471AEF557100E6E53C /* Images.xcassets in Resources */,
			);
			runOnlyForDeploymentPostprocessing = 0;
		};
		8E3DE54D1AEF557100E6E53C /* Resources */ = {
			isa = PBXResourcesBuildPhase;
			buildActionMask = 2147483647;
			files = (
			);
			runOnlyForDeploymentPostprocessing = 0;
		};
/* End PBXResourcesBuildPhase section */

/* Begin PBXShellScriptBuildPhase section */
		23F9203493166B4ECFE1092B /* Check Pods Manifest.lock */ = {
			isa = PBXShellScriptBuildPhase;
			buildActionMask = 2147483647;
			files = (
			);
			inputPaths = (
			);
			name = "Check Pods Manifest.lock";
			outputPaths = (
			);
			runOnlyForDeploymentPostprocessing = 0;
			shellPath = /bin/sh;
			shellScript = "diff \"${PODS_ROOT}/../Podfile.lock\" \"${PODS_ROOT}/Manifest.lock\" > /dev/null\nif [[ $? != 0 ]] ; then\n    cat << EOM\nerror: The sandbox is not in sync with the Podfile.lock. Run 'pod install' or update your CocoaPods installation.\nEOM\n    exit 1\nfi\n";
			showEnvVarsInLog = 0;
		};
		E462D24837C76BEF5C2437B0 /* Copy Pods Resources */ = {
			isa = PBXShellScriptBuildPhase;
			buildActionMask = 2147483647;
			files = (
			);
			inputPaths = (
			);
			name = "Copy Pods Resources";
			outputPaths = (
			);
			runOnlyForDeploymentPostprocessing = 0;
			shellPath = /bin/sh;
			shellScript = "\"${SRCROOT}/Pods/Target Support Files/Pods-AutolayoutInterview/Pods-AutolayoutInterview-resources.sh\"\n";
			showEnvVarsInLog = 0;
		};
/* End PBXShellScriptBuildPhase section */

/* Begin PBXSourcesBuildPhase section */
		8E3DE5321AEF557100E6E53C /* Sources */ = {
			isa = PBXSourcesBuildPhase;
			buildActionMask = 2147483647;
			files = (
				8E3DE53F1AEF557100E6E53C /* AppDelegate.m in Sources */,
				8E3DE53C1AEF557100E6E53C /* main.m in Sources */,
				8E3DE5611AEF6EE900E6E53C /* ITVTableViewController.m in Sources */,
				8E3DE5641AEF73E500E6E53C /* ITVCell.m in Sources */,
			);
			runOnlyForDeploymentPostprocessing = 0;
		};
		8E3DE54B1AEF557100E6E53C /* Sources */ = {
			isa = PBXSourcesBuildPhase;
			buildActionMask = 2147483647;
			files = (
				8E3DE5561AEF557100E6E53C /* AutolayoutInterviewTests.m in Sources */,
			);
			runOnlyForDeploymentPostprocessing = 0;
		};
/* End PBXSourcesBuildPhase section */

/* Begin PBXTargetDependency section */
		8E3DE5511AEF557100E6E53C /* PBXTargetDependency */ = {
			isa = PBXTargetDependency;
			target = 8E3DE5351AEF557100E6E53C /* AutolayoutInterview */;
			targetProxy = 8E3DE5501AEF557100E6E53C /* PBXContainerItemProxy */;
		};
/* End PBXTargetDependency section */

/* Begin PBXVariantGroup section */
		8E3DE5431AEF557100E6E53C /* Main.storyboard */ = {
			isa = PBXVariantGroup;
			children = (
				8E3DE5441AEF557100E6E53C /* Base */,
			);
			name = Main.storyboard;
			sourceTree = "<group>";
		};
		8E3DE5481AEF557100E6E53C /* LaunchScreen.xib */ = {
			isa = PBXVariantGroup;
			children = (
				8E3DE5491AEF557100E6E53C /* Base */,
			);
			name = LaunchScreen.xib;
			sourceTree = "<group>";
		};
/* End PBXVariantGroup section */

/* Begin XCBuildConfiguration section */
		8E3DE5571AEF557100E6E53C /* Debug */ = {
			isa = XCBuildConfiguration;
			buildSettings = {
				ALWAYS_SEARCH_USER_PATHS = NO;
				CLANG_CXX_LANGUAGE_STANDARD = "gnu++0x";
				CLANG_CXX_LIBRARY = "libc++";
				CLANG_ENABLE_MODULES = YES;
				CLANG_ENABLE_OBJC_ARC = YES;
				CLANG_WARN_BOOL_CONVERSION = YES;
				CLANG_WARN_CONSTANT_CONVERSION = YES;
				CLANG_WARN_DIRECT_OBJC_ISA_USAGE = YES_ERROR;
				CLANG_WARN_EMPTY_BODY = YES;
				CLANG_WARN_ENUM_CONVERSION = YES;
				CLANG_WARN_INT_CONVERSION = YES;
				CLANG_WARN_OBJC_ROOT_CLASS = YES_ERROR;
				CLANG_WARN_UNREACHABLE_CODE = YES;
				CLANG_WARN__DUPLICATE_METHOD_MATCH = YES;
				"CODE_SIGN_IDENTITY[sdk=iphoneos*]" = "iPhone Developer";
				COPY_PHASE_STRIP = NO;
				DEBUG_INFORMATION_FORMAT = "dwarf-with-dsym";
				ENABLE_STRICT_OBJC_MSGSEND = YES;
				GCC_C_LANGUAGE_STANDARD = gnu99;
				GCC_DYNAMIC_NO_PIC = NO;
				GCC_NO_COMMON_BLOCKS = YES;
				GCC_OPTIMIZATION_LEVEL = 0;
				GCC_PREPROCESSOR_DEFINITIONS = (
					"DEBUG=1",
					"$(inherited)",
				);
				GCC_SYMBOLS_PRIVATE_EXTERN = NO;
				GCC_WARN_64_TO_32_BIT_CONVERSION = YES;
				GCC_WARN_ABOUT_RETURN_TYPE = YES_ERROR;
				GCC_WARN_UNDECLARED_SELECTOR = YES;
				GCC_WARN_UNINITIALIZED_AUTOS = YES_AGGRESSIVE;
				GCC_WARN_UNUSED_FUNCTION = YES;
				GCC_WARN_UNUSED_VARIABLE = YES;
				IPHONEOS_DEPLOYMENT_TARGET = 8.3;
				MTL_ENABLE_DEBUG_INFO = YES;
				ONLY_ACTIVE_ARCH = YES;
				SDKROOT = iphoneos;
				TARGETED_DEVICE_FAMILY = "1,2";
			};
			name = Debug;
		};
		8E3DE5581AEF557100E6E53C /* Release */ = {
			isa = XCBuildConfiguration;
			buildSettings = {
				ALWAYS_SEARCH_USER_PATHS = NO;
				CLANG_CXX_LANGUAGE_STANDARD = "gnu++0x";
				CLANG_CXX_LIBRARY = "libc++";
				CLANG_ENABLE_MODULES = YES;
				CLANG_ENABLE_OBJC_ARC = YES;
				CLANG_WARN_BOOL_CONVERSION = YES;
				CLANG_WARN_CONSTANT_CONVERSION = YES;
				CLANG_WARN_DIRECT_OBJC_ISA_USAGE = YES_ERROR;
				CLANG_WARN_EMPTY_BODY = YES;
				CLANG_WARN_ENUM_CONVERSION = YES;
				CLANG_WARN_INT_CONVERSION = YES;
				CLANG_WARN_OBJC_ROOT_CLASS = YES_ERROR;
				CLANG_WARN_UNREACHABLE_CODE = YES;
				CLANG_WARN__DUPLICATE_METHOD_MATCH = YES;
				"CODE_SIGN_IDENTITY[sdk=iphoneos*]" = "iPhone Developer";
				COPY_PHASE_STRIP = NO;
				DEBUG_INFORMATION_FORMAT = "dwarf-with-dsym";
				ENABLE_NS_ASSERTIONS = NO;
				ENABLE_STRICT_OBJC_MSGSEND = YES;
				GCC_C_LANGUAGE_STANDARD = gnu99;
				GCC_NO_COMMON_BLOCKS = YES;
				GCC_WARN_64_TO_32_BIT_CONVERSION = YES;
				GCC_WARN_ABOUT_RETURN_TYPE = YES_ERROR;
				GCC_WARN_UNDECLARED_SELECTOR = YES;
				GCC_WARN_UNINITIALIZED_AUTOS = YES_AGGRESSIVE;
				GCC_WARN_UNUSED_FUNCTION = YES;
				GCC_WARN_UNUSED_VARIABLE = YES;
				IPHONEOS_DEPLOYMENT_TARGET = 8.3;
				MTL_ENABLE_DEBUG_INFO = NO;
				SDKROOT = iphoneos;
				TARGETED_DEVICE_FAMILY = "1,2";
				VALIDATE_PRODUCT = YES;
			};
			name = Release;
		};
		8E3DE55A1AEF557100E6E53C /* Debug */ = {
			isa = XCBuildConfiguration;
			baseConfigurationReference = AD708B29D93C69F089E760BA /* Pods-AutolayoutInterview.debug.xcconfig */;
			buildSettings = {
				ASSETCATALOG_COMPILER_APPICON_NAME = AppIcon;
				INFOPLIST_FILE = AutolayoutInterview/Info.plist;
				LD_RUNPATH_SEARCH_PATHS = "$(inherited) @executable_path/Frameworks";
				PRODUCT_NAME = "$(TARGET_NAME)";
			};
			name = Debug;
		};
		8E3DE55B1AEF557100E6E53C /* Release */ = {
			isa = XCBuildConfiguration;
			baseConfigurationReference = E731FBDCB7725E4EBAE05A10 /* Pods-AutolayoutInterview.release.xcconfig */;
			buildSettings = {
				ASSETCATALOG_COMPILER_APPICON_NAME = AppIcon;
				INFOPLIST_FILE = AutolayoutInterview/Info.plist;
				LD_RUNPATH_SEARCH_PATHS = "$(inherited) @executable_path/Frameworks";
				PRODUCT_NAME = "$(TARGET_NAME)";
			};
			name = Release;
		};
		8E3DE55D1AEF557100E6E53C /* Debug */ = {
			isa = XCBuildConfiguration;
			buildSettings = {
				BUNDLE_LOADER = "$(TEST_HOST)";
				FRAMEWORK_SEARCH_PATHS = (
					"$(SDKROOT)/Developer/Library/Frameworks",
					"$(inherited)",
				);
				GCC_PREPROCESSOR_DEFINITIONS = (
					"DEBUG=1",
					"$(inherited)",
				);
				INFOPLIST_FILE = AutolayoutInterviewTests/Info.plist;
				LD_RUNPATH_SEARCH_PATHS = "$(inherited) @executable_path/Frameworks @loader_path/Frameworks";
				PRODUCT_NAME = "$(TARGET_NAME)";
				TEST_HOST = "$(BUILT_PRODUCTS_DIR)/AutolayoutInterview.app/AutolayoutInterview";
			};
			name = Debug;
		};
		8E3DE55E1AEF557100E6E53C /* Release */ = {
			isa = XCBuildConfiguration;
			buildSettings = {
				BUNDLE_LOADER = "$(TEST_HOST)";
				FRAMEWORK_SEARCH_PATHS = (
					"$(SDKROOT)/Developer/Library/Frameworks",
					"$(inherited)",
				);
				INFOPLIST_FILE = AutolayoutInterviewTests/Info.plist;
				LD_RUNPATH_SEARCH_PATHS = "$(inherited) @executable_path/Frameworks @loader_path/Frameworks";
				PRODUCT_NAME = "$(TARGET_NAME)";
				TEST_HOST = "$(BUILT_PRODUCTS_DIR)/AutolayoutInterview.app/AutolayoutInterview";
			};
			name = Release;
		};
/* End XCBuildConfiguration section */

/* Begin XCConfigurationList section */
		8E3DE5311AEF557100E6E53C /* Build configuration list for PBXProject "AutolayoutInterview" */ = {
			isa = XCConfigurationList;
			buildConfigurations = (
				8E3DE5571AEF557100E6E53C /* Debug */,
				8E3DE5581AEF557100E6E53C /* Release */,
			);
			defaultConfigurationIsVisible = 0;
			defaultConfigurationName = Release;
		};
		8E3DE5591AEF557100E6E53C /* Build configuration list for PBXNativeTarget "AutolayoutInterview" */ = {
			isa = XCConfigurationList;
			buildConfigurations = (
				8E3DE55A1AEF557100E6E53C /* Debug */,
				8E3DE55B1AEF557100E6E53C /* Release */,
			);
			defaultConfigurationIsVisible = 0;
			defaultConfigurationName = Release;
		};
		8E3DE55C1AEF557100E6E53C /* Build configuration list for PBXNativeTarget "AutolayoutInterviewTests" */ = {
			isa = XCConfigurationList;
			buildConfigurations = (
				8E3DE55D1AEF557100E6E53C /* Debug */,
				8E3DE55E1AEF557100E6E53C /* Release */,
			);
			defaultConfigurationIsVisible = 0;
			defaultConfigurationName = Release;
		};
/* End XCConfigurationList section */
	};
	rootObject = 8E3DE52E1AEF557100E6E53C /* Project object */;
}
